
Microsoft Visual Studio Solution File, Format Version 12.00
# Visual Studio Version 17
VisualStudioVersion = 17.1.32328.378
MinimumVisualStudioVersion = 10.0.40219.1
Project("{FAE04EC0-301F-11D3-BF4B-00C04F79EFBC}") = "handlingExceptions", "handlingExceptions\handlingExceptions.csproj", "{CC1E18AB-77C0-47D5-8433-D3E40D53C748}"
EndProject
Global
	GlobalSection(SolutionConfigurationPlatforms) = preSolution
		Debug|Any CPU = Debug|Any CPU
		Release|Any CPU = Release|Any CPU
	EndGlobalSection
	GlobalSection(ProjectConfigurationPlatforms) = postSolution
		{CC1E18AB-77C0-47D5-8433-D3E40D53C748}.Debug|Any CPU.ActiveCfg = Debug|Any CPU
		{CC1E18AB-77C0-47D5-8433-D3E40D53C748}.Debug|Any CPU.Build.0 = Debug|Any CPU
		{CC1E18AB-77C0-47D5-8433-D3E40D53C748}.Release|Any CPU.ActiveCfg = Release|Any CPU
		{CC1E18AB-77C0-47D5-8433-D3E40D53C748}.Release|Any CPU.Build.0 = Release|Any CPU
	EndGlobalSection
	GlobalSection(SolutionProperties) = preSolution
		HideSolutionNode = FALSE
	EndGlobalSection
	GlobalSection(ExtensibilityGlobals) = postSolution
		SolutionGuid = {320FB107-9FF4-4A72-BDCD-D785482D0D89}
	EndGlobalSection
EndGlobal
